
Microsoft Visual Studio Solution File, Format Version 12.00
# Visual Studio 15
VisualStudioVersion = 15.0.27004.2009
MinimumVisualStudioVersion = 10.0.40219.1
Project("{2150E333-8FDC-42A3-9474-1A3956D46DE8}") = "Solution Items", "Solution Items", "{628668F4-C450-4045-A540-D4260D1F7785}"
	ProjectSection(SolutionItems) = preProject
		.gitattributes = .gitattributes
		.gitignore = .gitignore
		ReadMe.md = ReadMe.md
	EndProjectSection
EndProject
Project("{2150E333-8FDC-42A3-9474-1A3956D46DE8}") = "build", "build", "{EC9001B2-3C38-400A-A261-A77D536BD6CB}"
	ProjectSection(SolutionItems) = preProject
		Directory.Build.props = Directory.Build.props
	EndProjectSection
EndProject
Project("{2150E333-8FDC-42A3-9474-1A3956D46DE8}") = "source", "source", "{EB3DBDA5-4741-4E90-8D7E-1576B876A381}"
EndProject
Project("{9A19103F-16F7-4668-BE54-9A1E7A4F7556}") = "ExpressionEvaluator", "source\ExpressionEvaluator\ExpressionEvaluator.csproj", "{FDDB1485-B4FC-4F90-810D-A360A0B44940}"
EndProject
Project("{2150E333-8FDC-42A3-9474-1A3956D46DE8}") = "tests", "tests", "{A48E7C53-1FA5-461C-81CC-0FFD0BADE7C8}"
EndProject
Project("{9A19103F-16F7-4668-BE54-9A1E7A4F7556}") = "ExpressionEvaluator.Tests", "tests\ExpressionEvaluator.Tests\ExpressionEvaluator.Tests.csproj", "{A9A0D07D-319E-4547-BA58-B82F2B528AF3}"
EndProject
Project("{9A19103F-16F7-4668-BE54-9A1E7A4F7556}") = "ExpressionCompiler", "source\ExpressionCompiler\ExpressionCompiler.csproj", "{05985C47-9158-4A5E-B686-3D7837027766}"
EndProject
Project("{9A19103F-16F7-4668-BE54-9A1E7A4F7556}") = "ExpressionCompiler.Tests", "tests\ExpressionCompiler.Tests\ExpressionCompiler.Tests.csproj", "{F712E89D-59E9-4297-9099-BB02D2AE8926}"
EndProject
Project("{2150E333-8FDC-42A3-9474-1A3956D46DE8}") = "demos", "demos", "{60D88F92-DDD8-425E-A4F0-B4F6C6DB0847}"
EndProject
Project("{9A19103F-16F7-4668-BE54-9A1E7A4F7556}") = "ExpressionCompiler.TinyStackMachine", "demos\ExpressionCompiler.TinyStackMachine\ExpressionCompiler.TinyStackMachine.csproj", "{ADE169A7-1795-45EC-B03C-D885DA30A8F5}"
EndProject
Project("{9A19103F-16F7-4668-BE54-9A1E7A4F7556}") = "TinyStackMachine", "source\TinyStackMachine\TinyStackMachine.csproj", "{E5C35F61-4043-4D50-BE22-430D69515789}"
EndProject
Project("{9A19103F-16F7-4668-BE54-9A1E7A4F7556}") = "TinyStackMachine.Demo", "demos\TinyStackMachine.Demo\TinyStackMachine.Demo.csproj", "{333D7238-2C61-4E7A-8CFC-26F518D0EDF0}"
EndProject
Project("{9A19103F-16F7-4668-BE54-9A1E7A4F7556}") = "ExpressionCompiler.Cpp", "demos\ExpressionCompiler.Cpp\ExpressionCompiler.Cpp.csproj", "{9A247518-2732-45D2-A055-5ADD146DB111}"
EndProject
Project("{9A19103F-16F7-4668-BE54-9A1E7A4F7556}") = "ExpressionCompiler.LaTeX", "demos\ExpressionCompiler.LaTeX\ExpressionCompiler.LaTeX.csproj", "{A8ABF1E9-C2C9-4EA2-93C9-52FCCEAFA71A}"
EndProject
Project("{FAE04EC0-301F-11D3-BF4B-00C04F79EFBC}") = "ExpressionCompiler.GraphViz", "demos\ExpressionCompiler.GraphViz\ExpressionCompiler.GraphViz.csproj", "{830441FF-E84D-4590-97E9-FFCD3873AAA2}"
EndProject
Project("{FAE04EC0-301F-11D3-BF4B-00C04F79EFBC}") = "ExpressionCompiler.Optimizer", "demos\ExpressionCompiler.Optimizer\ExpressionCompiler.Optimizer.csproj", "{21F6372E-DDAE-4B43-AA91-6FF5D6EEA208}"
EndProject
Global
	GlobalSection(SolutionConfigurationPlatforms) = preSolution
		Debug|Any CPU = Debug|Any CPU
		Release|Any CPU = Release|Any CPU
	EndGlobalSection
	GlobalSection(ProjectConfigurationPlatforms) = postSolution
		{FDDB1485-B4FC-4F90-810D-A360A0B44940}.Debug|Any CPU.ActiveCfg = Debug|Any CPU
		{FDDB1485-B4FC-4F90-810D-A360A0B44940}.Debug|Any CPU.Build.0 = Debug|Any CPU
		{FDDB1485-B4FC-4F90-810D-A360A0B44940}.Release|Any CPU.ActiveCfg = Release|Any CPU
		{FDDB1485-B4FC-4F90-810D-A360A0B44940}.Release|Any CPU.Build.0 = Release|Any CPU
		{A9A0D07D-319E-4547-BA58-B82F2B528AF3}.Debug|Any CPU.ActiveCfg = Debug|Any CPU
		{A9A0D07D-319E-4547-BA58-B82F2B528AF3}.Debug|Any CPU.Build.0 = Debug|Any CPU
		{A9A0D07D-319E-4547-BA58-B82F2B528AF3}.Release|Any CPU.ActiveCfg = Release|Any CPU
		{A9A0D07D-319E-4547-BA58-B82F2B528AF3}.Release|Any CPU.Build.0 = Release|Any CPU
		{05985C47-9158-4A5E-B686-3D7837027766}.Debug|Any CPU.ActiveCfg = Debug|Any CPU
		{05985C47-9158-4A5E-B686-3D7837027766}.Debug|Any CPU.Build.0 = Debug|Any CPU
		{05985C47-9158-4A5E-B686-3D7837027766}.Release|Any CPU.ActiveCfg = Release|Any CPU
		{05985C47-9158-4A5E-B686-3D7837027766}.Release|Any CPU.Build.0 = Release|Any CPU
		{F712E89D-59E9-4297-9099-BB02D2AE8926}.Debug|Any CPU.ActiveCfg = Debug|Any CPU
		{F712E89D-59E9-4297-9099-BB02D2AE8926}.Debug|Any CPU.Build.0 = Debug|Any CPU
		{F712E89D-59E9-4297-9099-BB02D2AE8926}.Release|Any CPU.ActiveCfg = Release|Any CPU
		{F712E89D-59E9-4297-9099-BB02D2AE8926}.Release|Any CPU.Build.0 = Release|Any CPU
		{ADE169A7-1795-45EC-B03C-D885DA30A8F5}.Debug|Any CPU.ActiveCfg = Debug|Any CPU
		{ADE169A7-1795-45EC-B03C-D885DA30A8F5}.Debug|Any CPU.Build.0 = Debug|Any CPU
		{ADE169A7-1795-45EC-B03C-D885DA30A8F5}.Release|Any CPU.ActiveCfg = Release|Any CPU
		{ADE169A7-1795-45EC-B03C-D885DA30A8F5}.Release|Any CPU.Build.0 = Release|Any CPU
		{E5C35F61-4043-4D50-BE22-430D69515789}.Debug|Any CPU.ActiveCfg = Debug|Any CPU
		{E5C35F61-4043-4D50-BE22-430D69515789}.Debug|Any CPU.Build.0 = Debug|Any CPU
		{E5C35F61-4043-4D50-BE22-430D69515789}.Release|Any CPU.ActiveCfg = Release|Any CPU
		{E5C35F61-4043-4D50-BE22-430D69515789}.Release|Any CPU.Build.0 = Release|Any CPU
		{333D7238-2C61-4E7A-8CFC-26F518D0EDF0}.Debug|Any CPU.ActiveCfg = Debug|Any CPU
		{333D7238-2C61-4E7A-8CFC-26F518D0EDF0}.Debug|Any CPU.Build.0 = Debug|Any CPU
		{333D7238-2C61-4E7A-8CFC-26F518D0EDF0}.Release|Any CPU.ActiveCfg = Release|Any CPU
		{333D7238-2C61-4E7A-8CFC-26F518D0EDF0}.Release|Any CPU.Build.0 = Release|Any CPU
		{9A247518-2732-45D2-A055-5ADD146DB111}.Debug|Any CPU.ActiveCfg = Debug|Any CPU
		{9A247518-2732-45D2-A055-5ADD146DB111}.Debug|Any CPU.Build.0 = Debug|Any CPU
		{9A247518-2732-45D2-A055-5ADD146DB111}.Release|Any CPU.ActiveCfg = Release|Any CPU
		{9A247518-2732-45D2-A055-5ADD146DB111}.Release|Any CPU.Build.0 = Release|Any CPU
		{A8ABF1E9-C2C9-4EA2-93C9-52FCCEAFA71A}.Debug|Any CPU.ActiveCfg = Debug|Any CPU
		{A8ABF1E9-C2C9-4EA2-93C9-52FCCEAFA71A}.Debug|Any CPU.Build.0 = Debug|Any CPU
		{A8ABF1E9-C2C9-4EA2-93C9-52FCCEAFA71A}.Release|Any CPU.ActiveCfg = Release|Any CPU
		{A8ABF1E9-C2C9-4EA2-93C9-52FCCEAFA71A}.Release|Any CPU.Build.0 = Release|Any CPU
		{830441FF-E84D-4590-97E9-FFCD3873AAA2}.Debug|Any CPU.ActiveCfg = Debug|Any CPU
		{830441FF-E84D-4590-97E9-FFCD3873AAA2}.Debug|Any CPU.Build.0 = Debug|Any CPU
		{830441FF-E84D-4590-97E9-FFCD3873AAA2}.Release|Any CPU.ActiveCfg = Release|Any CPU
		{830441FF-E84D-4590-97E9-FFCD3873AAA2}.Release|Any CPU.Build.0 = Release|Any CPU
		{21F6372E-DDAE-4B43-AA91-6FF5D6EEA208}.Debug|Any CPU.ActiveCfg = Debug|Any CPU
		{21F6372E-DDAE-4B43-AA91-6FF5D6EEA208}.Debug|Any CPU.Build.0 = Debug|Any CPU
		{21F6372E-DDAE-4B43-AA91-6FF5D6EEA208}.Release|Any CPU.ActiveCfg = Release|Any CPU
		{21F6372E-DDAE-4B43-AA91-6FF5D6EEA208}.Release|Any CPU.Build.0 = Release|Any CPU
	EndGlobalSection
	GlobalSection(SolutionProperties) = preSolution
		HideSolutionNode = FALSE
	EndGlobalSection
	GlobalSection(NestedProjects) = preSolution
		{FDDB1485-B4FC-4F90-810D-A360A0B44940} = {EB3DBDA5-4741-4E90-8D7E-1576B876A381}
		{A9A0D07D-319E-4547-BA58-B82F2B528AF3} = {A48E7C53-1FA5-461C-81CC-0FFD0BADE7C8}
		{05985C47-9158-4A5E-B686-3D7837027766} = {EB3DBDA5-4741-4E90-8D7E-1576B876A381}
		{F712E89D-59E9-4297-9099-BB02D2AE8926} = {A48E7C53-1FA5-461C-81CC-0FFD0BADE7C8}
		{ADE169A7-1795-45EC-B03C-D885DA30A8F5} = {60D88F92-DDD8-425E-A4F0-B4F6C6DB0847}
		{E5C35F61-4043-4D50-BE22-430D69515789} = {EB3DBDA5-4741-4E90-8D7E-1576B876A381}
		{333D7238-2C61-4E7A-8CFC-26F518D0EDF0} = {60D88F92-DDD8-425E-A4F0-B4F6C6DB0847}
		{9A247518-2732-45D2-A055-5ADD146DB111} = {60D88F92-DDD8-425E-A4F0-B4F6C6DB0847}
		{A8ABF1E9-C2C9-4EA2-93C9-52FCCEAFA71A} = {60D88F92-DDD8-425E-A4F0-B4F6C6DB0847}
		{830441FF-E84D-4590-97E9-FFCD3873AAA2} = {60D88F92-DDD8-425E-A4F0-B4F6C6DB0847}
		{21F6372E-DDAE-4B43-AA91-6FF5D6EEA208} = {60D88F92-DDD8-425E-A4F0-B4F6C6DB0847}
	EndGlobalSection
	GlobalSection(ExtensibilityGlobals) = postSolution
		SolutionGuid = {E9AD0FF5-193E-45B4-8B4A-4FF25CA752E6}
	EndGlobalSection
EndGlobal
